
Microsoft Visual Studio Solution File, Format Version 12.00
# Visual Studio Version 16
VisualStudioVersion = 16.0.29905.134
MinimumVisualStudioVersion = 10.0.40219.1
Project("{FAE04EC0-301F-11D3-BF4B-00C04F79EFBC}") = "Prueba2", "Prueba2\Prueba2.csproj", "{AF4C99EB-5D68-42E8-9C43-65AFE86FB904}"
EndProject
Global
	GlobalSection(SolutionConfigurationPlatforms) = preSolution
		Debug|Any CPU = Debug|Any CPU
		Release|Any CPU = Release|Any CPU
	EndGlobalSection
	GlobalSection(ProjectConfigurationPlatforms) = postSolution
		{AF4C99EB-5D68-42E8-9C43-65AFE86FB904}.Debug|Any CPU.ActiveCfg = Debug|Any CPU
		{AF4C99EB-5D68-42E8-9C43-65AFE86FB904}.Debug|Any CPU.Build.0 = Debug|Any CPU
		{AF4C99EB-5D68-42E8-9C43-65AFE86FB904}.Release|Any CPU.ActiveCfg = Release|Any CPU
		{AF4C99EB-5D68-42E8-9C43-65AFE86FB904}.Release|Any CPU.Build.0 = Release|Any CPU
	EndGlobalSection
	GlobalSection(SolutionProperties) = preSolution
		HideSolutionNode = FALSE
	EndGlobalSection
	GlobalSection(ExtensibilityGlobals) = postSolution
		SolutionGuid = {B16644B1-17A0-4614-8292-AEF4ED7AA785}
	EndGlobalSection
EndGlobal
